
Microsoft Visual Studio Solution File, Format Version 12.00
# Visual Studio 15
VisualStudioVersion = 15.0.28307.1062
MinimumVisualStudioVersion = 10.0.40219.1
Project("{FAE04EC0-301F-11D3-BF4B-00C04F79EFBC}") = "CovidSharp Example", "CovidSharp Example.csproj", "{C3E9F4A5-0D0F-4967-A869-9232E7DE172A}"
EndProject
Global
	GlobalSection(SolutionConfigurationPlatforms) = preSolution
		Debug|Any CPU = Debug|Any CPU
		Release|Any CPU = Release|Any CPU
	EndGlobalSection
	GlobalSection(ProjectConfigurationPlatforms) = postSolution
		{C3E9F4A5-0D0F-4967-A869-9232E7DE172A}.Debug|Any CPU.ActiveCfg = Debug|Any CPU
		{C3E9F4A5-0D0F-4967-A869-9232E7DE172A}.Debug|Any CPU.Build.0 = Debug|Any CPU
		{C3E9F4A5-0D0F-4967-A869-9232E7DE172A}.Release|Any CPU.ActiveCfg = Release|Any CPU
		{C3E9F4A5-0D0F-4967-A869-9232E7DE172A}.Release|Any CPU.Build.0 = Release|Any CPU
	EndGlobalSection
	GlobalSection(SolutionProperties) = preSolution
		HideSolutionNode = FALSE
	EndGlobalSection
	GlobalSection(ExtensibilityGlobals) = postSolution
		SolutionGuid = {892F2842-1719-457F-9E73-7F0EE37B17F5}
	EndGlobalSection
EndGlobal
