
Microsoft Visual Studio Solution File, Format Version 12.00
# Visual Studio 15
VisualStudioVersion = 15.0.28307.1062
MinimumVisualStudioVersion = 10.0.40219.1
Project("{FAE04EC0-301F-11D3-BF4B-00C04F79EFBC}") = "CovidSharp", "CovidSharp.csproj", "{EDEB82C5-233A-49C1-86AF-1EB48FA1732F}"
EndProject
Global
	GlobalSection(SolutionConfigurationPlatforms) = preSolution
		Debug|Any CPU = Debug|Any CPU
		Release|Any CPU = Release|Any CPU
	EndGlobalSection
	GlobalSection(ProjectConfigurationPlatforms) = postSolution
		{EDEB82C5-233A-49C1-86AF-1EB48FA1732F}.Debug|Any CPU.ActiveCfg = Debug|Any CPU
		{EDEB82C5-233A-49C1-86AF-1EB48FA1732F}.Debug|Any CPU.Build.0 = Debug|Any CPU
		{EDEB82C5-233A-49C1-86AF-1EB48FA1732F}.Release|Any CPU.ActiveCfg = Release|Any CPU
		{EDEB82C5-233A-49C1-86AF-1EB48FA1732F}.Release|Any CPU.Build.0 = Release|Any CPU
	EndGlobalSection
	GlobalSection(SolutionProperties) = preSolution
		HideSolutionNode = FALSE
	EndGlobalSection
	GlobalSection(ExtensibilityGlobals) = postSolution
		SolutionGuid = {AE33484B-92BE-4973-9702-E5977D93B493}
	EndGlobalSection
EndGlobal
