
Microsoft Visual Studio Solution File, Format Version 12.00
# Visual Studio 15
VisualStudioVersion = 15.0.28010.2046
MinimumVisualStudioVersion = 10.0.40219.1
Project("{FAE04EC0-301F-11D3-BF4B-00C04F79EFBC}") = "Coronavirus tracker API wrapper example", "Coronavirus tracker API wrapper example\Coronavirus tracker API wrapper example.csproj", "{C3E9F4A5-0D0F-4967-A869-9232E7DE172A}"
EndProject
Global
	GlobalSection(SolutionConfigurationPlatforms) = preSolution
		Debug|Any CPU = Debug|Any CPU
		Release|Any CPU = Release|Any CPU
	EndGlobalSection
	GlobalSection(ProjectConfigurationPlatforms) = postSolution
		{C3E9F4A5-0D0F-4967-A869-9232E7DE172A}.Debug|Any CPU.ActiveCfg = Debug|Any CPU
		{C3E9F4A5-0D0F-4967-A869-9232E7DE172A}.Debug|Any CPU.Build.0 = Debug|Any CPU
		{C3E9F4A5-0D0F-4967-A869-9232E7DE172A}.Release|Any CPU.ActiveCfg = Release|Any CPU
		{C3E9F4A5-0D0F-4967-A869-9232E7DE172A}.Release|Any CPU.Build.0 = Release|Any CPU
	EndGlobalSection
	GlobalSection(SolutionProperties) = preSolution
		HideSolutionNode = FALSE
	EndGlobalSection
	GlobalSection(ExtensibilityGlobals) = postSolution
		SolutionGuid = {7E09E950-3334-4DEC-8BB0-76A2D65702F7}
	EndGlobalSection
EndGlobal
